// !$*UTF8*$!
{
	archiveVersion = 1;
	classes = {
	};
	objectVersion = 55;
	objects = {

/* Begin PBXBuildFile section */
		C620101927FB1431003FAEA0 /* AppDelegate.swift in Sources */ = {isa = PBXBuildFile; fileRef = C620101827FB1431003FAEA0 /* AppDelegate.swift */; };
		C620101B27FB1431003FAEA0 /* SceneDelegate.swift in Sources */ = {isa = PBXBuildFile; fileRef = C620101A27FB1431003FAEA0 /* SceneDelegate.swift */; };
		C620101D27FB1431003FAEA0 /* ViewController.swift in Sources */ = {isa = PBXBuildFile; fileRef = C620101C27FB1431003FAEA0 /* ViewController.swift */; };
		C620102027FB1431003FAEA0 /* Main.storyboard in Resources */ = {isa = PBXBuildFile; fileRef = C620101E27FB1431003FAEA0 /* Main.storyboard */; };
		C620102227FB1436003FAEA0 /* Assets.xcassets in Resources */ = {isa = PBXBuildFile; fileRef = C620102127FB1436003FAEA0 /* Assets.xcassets */; };
		C620102527FB1436003FAEA0 /* LaunchScreen.storyboard in Resources */ = {isa = PBXBuildFile; fileRef = C620102327FB1436003FAEA0 /* LaunchScreen.storyboard */; };
		C620104027FB14F9003FAEA0 /* APIReqeustManager.swift in Sources */ = {isa = PBXBuildFile; fileRef = C620103327FB14F9003FAEA0 /* APIReqeustManager.swift */; };
		C620104127FB14F9003FAEA0 /* ExtraFunctionality.swift in Sources */ = {isa = PBXBuildFile; fileRef = C620103527FB14F9003FAEA0 /* ExtraFunctionality.swift */; };
		C620104227FB14F9003FAEA0 /* CommonMessage.swift in Sources */ = {isa = PBXBuildFile; fileRef = C620103627FB14F9003FAEA0 /* CommonMessage.swift */; };
		C620104327FB14F9003FAEA0 /* Toast.swift in Sources */ = {isa = PBXBuildFile; fileRef = C620103727FB14F9003FAEA0 /* Toast.swift */; };
		C620104427FB14F9003FAEA0 /* APIJSONReponse.swift in Sources */ = {isa = PBXBuildFile; fileRef = C620103827FB14F9003FAEA0 /* APIJSONReponse.swift */; };
		C620104527FB14F9003FAEA0 /* Reachablity.swift in Sources */ = {isa = PBXBuildFile; fileRef = C620103927FB14F9003FAEA0 /* Reachablity.swift */; };
		C620104627FB14F9003FAEA0 /* APIBaseModel.swift in Sources */ = {isa = PBXBuildFile; fileRef = C620103A27FB14F9003FAEA0 /* APIBaseModel.swift */; };
		C620104927FB1565003FAEA0 /* UpComingMoviewModel.swift in Sources */ = {isa = PBXBuildFile; fileRef = C620104827FB1565003FAEA0 /* UpComingMoviewModel.swift */; };
		E74B7CD55F5057BB02E1BF17 /* Pods_GenericCodableTest.framework in Frameworks */ = {isa = PBXBuildFile; fileRef = 733A355F23E5E3AA0B73E5F5 /* Pods_GenericCodableTest.framework */; };
/* End PBXBuildFile section */

/* Begin PBXFileReference section */
		733A355F23E5E3AA0B73E5F5 /* Pods_GenericCodableTest.framework */ = {isa = PBXFileReference; explicitFileType = wrapper.framework; includeInIndex = 0; path = Pods_GenericCodableTest.framework; sourceTree = BUILT_PRODUCTS_DIR; };
		7BCFED9CAB74A5AA77324EB2 /* Pods-GenericCodableTest.debug.xcconfig */ = {isa = PBXFileReference; includeInIndex = 1; lastKnownFileType = text.xcconfig; name = "Pods-GenericCodableTest.debug.xcconfig"; path = "Target Support Files/Pods-GenericCodableTest/Pods-GenericCodableTest.debug.xcconfig"; sourceTree = "<group>"; };
		C620101527FB1431003FAEA0 /* GenericCodableTest.app */ = {isa = PBXFileReference; explicitFileType = wrapper.application; includeInIndex = 0; path = GenericCodableTest.app; sourceTree = BUILT_PRODUCTS_DIR; };
		C620101827FB1431003FAEA0 /* AppDelegate.swift */ = {isa = PBXFileReference; lastKnownFileType = sourcecode.swift; path = AppDelegate.swift; sourceTree = "<group>"; };
		C620101A27FB1431003FAEA0 /* SceneDelegate.swift */ = {isa = PBXFileReference; lastKnownFileType = sourcecode.swift; path = SceneDelegate.swift; sourceTree = "<group>"; };
		C620101C27FB1431003FAEA0 /* ViewController.swift */ = {isa = PBXFileReference; lastKnownFileType = sourcecode.swift; path = ViewController.swift; sourceTree = "<group>"; };
		C620101F27FB1431003FAEA0 /* Base */ = {isa = PBXFileReference; lastKnownFileType = file.storyboard; name = Base; path = Base.lproj/Main.storyboard; sourceTree = "<group>"; };
		C620102127FB1436003FAEA0 /* Assets.xcassets */ = {isa = PBXFileReference; lastKnownFileType = folder.assetcatalog; path = Assets.xcassets; sourceTree = "<group>"; };
		C620102427FB1436003FAEA0 /* Base */ = {isa = PBXFileReference; lastKnownFileType = file.storyboard; name = Base; path = Base.lproj/LaunchScreen.storyboard; sourceTree = "<group>"; };
		C620102627FB1436003FAEA0 /* Info.plist */ = {isa = PBXFileReference; lastKnownFileType = text.plist.xml; path = Info.plist; sourceTree = "<group>"; };
		C620103327FB14F9003FAEA0 /* APIReqeustManager.swift */ = {isa = PBXFileReference; fileEncoding = 4; lastKnownFileType = sourcecode.swift; path = APIReqeustManager.swift; sourceTree = "<group>"; };
		C620103527FB14F9003FAEA0 /* ExtraFunctionality.swift */ = {isa = PBXFileReference; fileEncoding = 4; lastKnownFileType = sourcecode.swift; path = ExtraFunctionality.swift; sourceTree = "<group>"; };
		C620103627FB14F9003FAEA0 /* CommonMessage.swift */ = {isa = PBXFileReference; fileEncoding = 4; lastKnownFileType = sourcecode.swift; path = CommonMessage.swift; sourceTree = "<group>"; };
		C620103727FB14F9003FAEA0 /* Toast.swift */ = {isa = PBXFileReference; fileEncoding = 4; lastKnownFileType = sourcecode.swift; path = Toast.swift; sourceTree = "<group>"; };
		C620103827FB14F9003FAEA0 /* APIJSONReponse.swift */ = {isa = PBXFileReference; fileEncoding = 4; lastKnownFileType = sourcecode.swift; path = APIJSONReponse.swift; sourceTree = "<group>"; };
		C620103927FB14F9003FAEA0 /* Reachablity.swift */ = {isa = PBXFileReference; fileEncoding = 4; lastKnownFileType = sourcecode.swift; path = Reachablity.swift; sourceTree = "<group>"; };
		C620103A27FB14F9003FAEA0 /* APIBaseModel.swift */ = {isa = PBXFileReference; fileEncoding = 4; lastKnownFileType = sourcecode.swift; path = APIBaseModel.swift; sourceTree = "<group>"; };
		C620104827FB1565003FAEA0 /* UpComingMoviewModel.swift */ = {isa = PBXFileReference; fileEncoding = 4; lastKnownFileType = sourcecode.swift; path = UpComingMoviewModel.swift; sourceTree = "<group>"; };
		FB5CE0EBD3450D718BC035C2 /* Pods-GenericCodableTest.release.xcconfig */ = {isa = PBXFileReference; includeInIndex = 1; lastKnownFileType = text.xcconfig; name = "Pods-GenericCodableTest.release.xcconfig"; path = "Target Support Files/Pods-GenericCodableTest/Pods-GenericCodableTest.release.xcconfig"; sourceTree = "<group>"; };
/* End PBXFileReference section */

/* Begin PBXFrameworksBuildPhase section */
		C620101227FB1431003FAEA0 /* Frameworks */ = {
			isa = PBXFrameworksBuildPhase;
			buildActionMask = 2147483647;
			files = (
				E74B7CD55F5057BB02E1BF17 /* Pods_GenericCodableTest.framework in Frameworks */,
			);
			runOnlyForDeploymentPostprocessing = 0;
		};
/* End PBXFrameworksBuildPhase section */

/* Begin PBXGroup section */
		195D43F8308EB0935541697E /* Frameworks */ = {
			isa = PBXGroup;
			children = (
				733A355F23E5E3AA0B73E5F5 /* Pods_GenericCodableTest.framework */,
			);
			name = Frameworks;
			sourceTree = "<group>";
		};
		C620100C27FB1431003FAEA0 = {
			isa = PBXGroup;
			children = (
				C620101727FB1431003FAEA0 /* GenericCodableTest */,
				C620101627FB1431003FAEA0 /* Products */,
				C980DA7367A4AC0BC212AA66 /* Pods */,
				195D43F8308EB0935541697E /* Frameworks */,
			);
			sourceTree = "<group>";
		};
		C620101627FB1431003FAEA0 /* Products */ = {
			isa = PBXGroup;
			children = (
				C620101527FB1431003FAEA0 /* GenericCodableTest.app */,
			);
			name = Products;
			sourceTree = "<group>";
		};
		C620101727FB1431003FAEA0 /* GenericCodableTest */ = {
			isa = PBXGroup;
			children = (
				C620101827FB1431003FAEA0 /* AppDelegate.swift */,
				C620101A27FB1431003FAEA0 /* SceneDelegate.swift */,
				C620102C27FB14F9003FAEA0 /* Networking */,
				C620104727FB154A003FAEA0 /* Model */,
				C620101C27FB1431003FAEA0 /* ViewController.swift */,
				C620101E27FB1431003FAEA0 /* Main.storyboard */,
				C620102127FB1436003FAEA0 /* Assets.xcassets */,
				C620102327FB1436003FAEA0 /* LaunchScreen.storyboard */,
				C620102627FB1436003FAEA0 /* Info.plist */,
			);
			path = GenericCodableTest;
			sourceTree = "<group>";
		};
		C620102C27FB14F9003FAEA0 /* Networking */ = {
			isa = PBXGroup;
			children = (
				C620103327FB14F9003FAEA0 /* APIReqeustManager.swift */,
				C620103427FB14F9003FAEA0 /* Toast */,
				C620103827FB14F9003FAEA0 /* APIJSONReponse.swift */,
				C620103927FB14F9003FAEA0 /* Reachablity.swift */,
				C620103A27FB14F9003FAEA0 /* APIBaseModel.swift */,
			);
			path = Networking;
			sourceTree = "<group>";
		};
		C620103427FB14F9003FAEA0 /* Toast */ = {
			isa = PBXGroup;
			children = (
				C620103527FB14F9003FAEA0 /* ExtraFunctionality.swift */,
				C620103627FB14F9003FAEA0 /* CommonMessage.swift */,
				C620103727FB14F9003FAEA0 /* Toast.swift */,
			);
			path = Toast;
			sourceTree = "<group>";
		};
		C620104727FB154A003FAEA0 /* Model */ = {
			isa = PBXGroup;
			children = (
				C620104827FB1565003FAEA0 /* UpComingMoviewModel.swift */,
			);
			name = Model;
			path = Networking;
			sourceTree = "<group>";
		};
		C980DA7367A4AC0BC212AA66 /* Pods */ = {
			isa = PBXGroup;
			children = (
				7BCFED9CAB74A5AA77324EB2 /* Pods-GenericCodableTest.debug.xcconfig */,
				FB5CE0EBD3450D718BC035C2 /* Pods-GenericCodableTest.release.xcconfig */,
			);
			path = Pods;
			sourceTree = "<group>";
		};
/* End PBXGroup section */

/* Begin PBXNativeTarget section */
		C620101427FB1431003FAEA0 /* GenericCodableTest */ = {
			isa = PBXNativeTarget;
			buildConfigurationList = C620102927FB1436003FAEA0 /* Build configuration list for PBXNativeTarget "GenericCodableTest" */;
			buildPhases = (
				A530CC86207038AB501F6B0B /* [CP] Check Pods Manifest.lock */,
				C620101127FB1431003FAEA0 /* Sources */,
				C620101227FB1431003FAEA0 /* Frameworks */,
				C620101327FB1431003FAEA0 /* Resources */,
				FF084B4983A64F9C776D21FA /* [CP] Embed Pods Frameworks */,
			);
			buildRules = (
			);
			dependencies = (
			);
			name = GenericCodableTest;
			productName = GenericCodableTest;
			productReference = C620101527FB1431003FAEA0 /* GenericCodableTest.app */;
			productType = "com.apple.product-type.application";
		};
/* End PBXNativeTarget section */

/* Begin PBXProject section */
		C620100D27FB1431003FAEA0 /* Project object */ = {
			isa = PBXProject;
			attributes = {
				BuildIndependentTargetsInParallel = 1;
				LastSwiftUpdateCheck = 1320;
				LastUpgradeCheck = 1320;
				TargetAttributes = {
					C620101427FB1431003FAEA0 = {
						CreatedOnToolsVersion = 13.2.1;
					};
				};
			};
			buildConfigurationList = C620101027FB1431003FAEA0 /* Build configuration list for PBXProject "GenericCodableTest" */;
			compatibilityVersion = "Xcode 13.0";
			developmentRegion = en;
			hasScannedForEncodings = 0;
			knownRegions = (
				en,
				Base,
			);
			mainGroup = C620100C27FB1431003FAEA0;
			productRefGroup = C620101627FB1431003FAEA0 /* Products */;
			projectDirPath = "";
			projectRoot = "";
			targets = (
				C620101427FB1431003FAEA0 /* GenericCodableTest */,
			);
		};
/* End PBXProject section */

/* Begin PBXResourcesBuildPhase section */
		C620101327FB1431003FAEA0 /* Resources */ = {
			isa = PBXResourcesBuildPhase;
			buildActionMask = 2147483647;
			files = (
				C620102527FB1436003FAEA0 /* LaunchScreen.storyboard in Resources */,
				C620102227FB1436003FAEA0 /* Assets.xcassets in Resources */,
				C620102027FB1431003FAEA0 /* Main.storyboard in Resources */,
			);
			runOnlyForDeploymentPostprocessing = 0;
		};
/* End PBXResourcesBuildPhase section */

/* Begin PBXShellScriptBuildPhase section */
		A530CC86207038AB501F6B0B /* [CP] Check Pods Manifest.lock */ = {
			isa = PBXShellScriptBuildPhase;
			buildActionMask = 2147483647;
			files = (
			);
			inputFileListPaths = (
			);
			inputPaths = (
				"${PODS_PODFILE_DIR_PATH}/Podfile.lock",
				"${PODS_ROOT}/Manifest.lock",
			);
			name = "[CP] Check Pods Manifest.lock";
			outputFileListPaths = (
			);
			outputPaths = (
				"$(DERIVED_FILE_DIR)/Pods-GenericCodableTest-checkManifestLockResult.txt",
			);
			runOnlyForDeploymentPostprocessing = 0;
			shellPath = /bin/sh;
			shellScript = "diff \"${PODS_PODFILE_DIR_PATH}/Podfile.lock\" \"${PODS_ROOT}/Manifest.lock\" > /dev/null\nif [ $? != 0 ] ; then\n    # print error to STDERR\n    echo \"error: The sandbox is not in sync with the Podfile.lock. Run 'pod install' or update your CocoaPods installation.\" >&2\n    exit 1\nfi\n# This output is used by Xcode 'outputs' to avoid re-running this script phase.\necho \"SUCCESS\" > \"${SCRIPT_OUTPUT_FILE_0}\"\n";
			showEnvVarsInLog = 0;
		};
		FF084B4983A64F9C776D21FA /* [CP] Embed Pods Frameworks */ = {
			isa = PBXShellScriptBuildPhase;
			buildActionMask = 2147483647;
			files = (
			);
			inputFileListPaths = (
				"${PODS_ROOT}/Target Support Files/Pods-GenericCodableTest/Pods-GenericCodableTest-frameworks-${CONFIGURATION}-input-files.xcfilelist",
			);
			name = "[CP] Embed Pods Frameworks";
			outputFileListPaths = (
				"${PODS_ROOT}/Target Support Files/Pods-GenericCodableTest/Pods-GenericCodableTest-frameworks-${CONFIGURATION}-output-files.xcfilelist",
			);
			runOnlyForDeploymentPostprocessing = 0;
			shellPath = /bin/sh;
			shellScript = "\"${PODS_ROOT}/Target Support Files/Pods-GenericCodableTest/Pods-GenericCodableTest-frameworks.sh\"\n";
			showEnvVarsInLog = 0;
		};
/* End PBXShellScriptBuildPhase section */

/* Begin PBXSourcesBuildPhase section */
		C620101127FB1431003FAEA0 /* Sources */ = {
			isa = PBXSourcesBuildPhase;
			buildActionMask = 2147483647;
			files = (
				C620104327FB14F9003FAEA0 /* Toast.swift in Sources */,
				C620104527FB14F9003FAEA0 /* Reachablity.swift in Sources */,
				C620101D27FB1431003FAEA0 /* ViewController.swift in Sources */,
				C620101927FB1431003FAEA0 /* AppDelegate.swift in Sources */,
				C620104127FB14F9003FAEA0 /* ExtraFunctionality.swift in Sources */,
				C620104427FB14F9003FAEA0 /* APIJSONReponse.swift in Sources */,
				C620104627FB14F9003FAEA0 /* APIBaseModel.swift in Sources */,
				C620104027FB14F9003FAEA0 /* APIReqeustManager.swift in Sources */,
				C620104227FB14F9003FAEA0 /* CommonMessage.swift in Sources */,
				C620104927FB1565003FAEA0 /* UpComingMoviewModel.swift in Sources */,
				C620101B27FB1431003FAEA0 /* SceneDelegate.swift in Sources */,
			);
			runOnlyForDeploymentPostprocessing = 0;
		};
/* End PBXSourcesBuildPhase section */

/* Begin PBXVariantGroup section */
		C620101E27FB1431003FAEA0 /* Main.storyboard */ = {
			isa = PBXVariantGroup;
			children = (
				C620101F27FB1431003FAEA0 /* Base */,
			);
			name = Main.storyboard;
			sourceTree = "<group>";
		};
		C620102327FB1436003FAEA0 /* LaunchScreen.storyboard */ = {
			isa = PBXVariantGroup;
			children = (
				C620102427FB1436003FAEA0 /* Base */,
			);
			name = LaunchScreen.storyboard;
			sourceTree = "<group>";
		};
/* End PBXVariantGroup section */

/* Begin XCBuildConfiguration section */
		C620102727FB1436003FAEA0 /* Debug */ = {
			isa = XCBuildConfiguration;
			buildSettings = {
				ALWAYS_SEARCH_USER_PATHS = NO;
				CLANG_ANALYZER_NONNULL = YES;
				CLANG_ANALYZER_NUMBER_OBJECT_CONVERSION = YES_AGGRESSIVE;
				CLANG_CXX_LANGUAGE_STANDARD = "gnu++17";
				CLANG_CXX_LIBRARY = "libc++";
				CLANG_ENABLE_MODULES = YES;
				CLANG_ENABLE_OBJC_ARC = YES;
				CLANG_ENABLE_OBJC_WEAK = YES;
				CLANG_WARN_BLOCK_CAPTURE_AUTORELEASING = YES;
				CLANG_WARN_BOOL_CONVERSION = YES;
				CLANG_WARN_COMMA = YES;
				CLANG_WARN_CONSTANT_CONVERSION = YES;
				CLANG_WARN_DEPRECATED_OBJC_IMPLEMENTATIONS = YES;
				CLANG_WARN_DIRECT_OBJC_ISA_USAGE = YES_ERROR;
				CLANG_WARN_DOCUMENTATION_COMMENTS = YES;
				CLANG_WARN_EMPTY_BODY = YES;
				CLANG_WARN_ENUM_CONVERSION = YES;
				CLANG_WARN_INFINITE_RECURSION = YES;
				CLANG_WARN_INT_CONVERSION = YES;
				CLANG_WARN_NON_LITERAL_NULL_CONVERSION = YES;
				CLANG_WARN_OBJC_IMPLICIT_RETAIN_SELF = YES;
				CLANG_WARN_OBJC_LITERAL_CONVERSION = YES;
				CLANG_WARN_OBJC_ROOT_CLASS = YES_ERROR;
				CLANG_WARN_QUOTED_INCLUDE_IN_FRAMEWORK_HEADER = YES;
				CLANG_WARN_RANGE_LOOP_ANALYSIS = YES;
				CLANG_WARN_STRICT_PROTOTYPES = YES;
				CLANG_WARN_SUSPICIOUS_MOVE = YES;
				CLANG_WARN_UNGUARDED_AVAILABILITY = YES_AGGRESSIVE;
				CLANG_WARN_UNREACHABLE_CODE = YES;
				CLANG_WARN__DUPLICATE_METHOD_MATCH = YES;
				COPY_PHASE_STRIP = NO;
				DEBUG_INFORMATION_FORMAT = dwarf;
				ENABLE_STRICT_OBJC_MSGSEND = YES;
				ENABLE_TESTABILITY = YES;
				GCC_C_LANGUAGE_STANDARD = gnu11;
				GCC_DYNAMIC_NO_PIC = NO;
				GCC_NO_COMMON_BLOCKS = YES;
				GCC_OPTIMIZATION_LEVEL = 0;
				GCC_PREPROCESSOR_DEFINITIONS = (
					"DEBUG=1",
					"$(inherited)",
				);
				GCC_WARN_64_TO_32_BIT_CONVERSION = YES;
				GCC_WARN_ABOUT_RETURN_TYPE = YES_ERROR;
				GCC_WARN_UNDECLARED_SELECTOR = YES;
				GCC_WARN_UNINITIALIZED_AUTOS = YES_AGGRESSIVE;
				GCC_WARN_UNUSED_FUNCTION = YES;
				GCC_WARN_UNUSED_VARIABLE = YES;
				IPHONEOS_DEPLOYMENT_TARGET = 15.2;
				MTL_ENABLE_DEBUG_INFO = INCLUDE_SOURCE;
				MTL_FAST_MATH = YES;
				ONLY_ACTIVE_ARCH = YES;
				SDKROOT = iphoneos;
				SWIFT_ACTIVE_COMPILATION_CONDITIONS = DEBUG;
				SWIFT_OPTIMIZATION_LEVEL = "-Onone";
			};
			name = Debug;
		};
		C620102827FB1436003FAEA0 /* Release */ = {
			isa = XCBuildConfiguration;
			buildSettings = {
				ALWAYS_SEARCH_USER_PATHS = NO;
				CLANG_ANALYZER_NONNULL = YES;
				CLANG_ANALYZER_NUMBER_OBJECT_CONVERSION = YES_AGGRESSIVE;
				CLANG_CXX_LANGUAGE_STANDARD = "gnu++17";
				CLANG_CXX_LIBRARY = "libc++";
				CLANG_ENABLE_MODULES = YES;
				CLANG_ENABLE_OBJC_ARC = YES;
				CLANG_ENABLE_OBJC_WEAK = YES;
				CLANG_WARN_BLOCK_CAPTURE_AUTORELEASING = YES;
				CLANG_WARN_BOOL_CONVERSION = YES;
				CLANG_WARN_COMMA = YES;
				CLANG_WARN_CONSTANT_CONVERSION = YES;
				CLANG_WARN_DEPRECATED_OBJC_IMPLEMENTATIONS = YES;
				CLANG_WARN_DIRECT_OBJC_ISA_USAGE = YES_ERROR;
				CLANG_WARN_DOCUMENTATION_COMMENTS = YES;
				CLANG_WARN_EMPTY_BODY = YES;
				CLANG_WARN_ENUM_CONVERSION = YES;
				CLANG_WARN_INFINITE_RECURSION = YES;
				CLANG_WARN_INT_CONVERSION = YES;
				CLANG_WARN_NON_LITERAL_NULL_CONVERSION = YES;
				CLANG_WARN_OBJC_IMPLICIT_RETAIN_SELF = YES;
				CLANG_WARN_OBJC_LITERAL_CONVERSION = YES;
				CLANG_WARN_OBJC_ROOT_CLASS = YES_ERROR;
				CLANG_WARN_QUOTED_INCLUDE_IN_FRAMEWORK_HEADER = YES;
				CLANG_WARN_RANGE_LOOP_ANALYSIS = YES;
				CLANG_WARN_STRICT_PROTOTYPES = YES;
				CLANG_WARN_SUSPICIOUS_MOVE = YES;
				CLANG_WARN_UNGUARDED_AVAILABILITY = YES_AGGRESSIVE;
				CLANG_WARN_UNREACHABLE_CODE = YES;
				CLANG_WARN__DUPLICATE_METHOD_MATCH = YES;
				COPY_PHASE_STRIP = NO;
				DEBUG_INFORMATION_FORMAT = "dwarf-with-dsym";
				ENABLE_NS_ASSERTIONS = NO;
				ENABLE_STRICT_OBJC_MSGSEND = YES;
				GCC_C_LANGUAGE_STANDARD = gnu11;
				GCC_NO_COMMON_BLOCKS = YES;
				GCC_WARN_64_TO_32_BIT_CONVERSION = YES;
				GCC_WARN_ABOUT_RETURN_TYPE = YES_ERROR;
				GCC_WARN_UNDECLARED_SELECTOR = YES;
				GCC_WARN_UNINITIALIZED_AUTOS = YES_AGGRESSIVE;
				GCC_WARN_UNUSED_FUNCTION = YES;
				GCC_WARN_UNUSED_VARIABLE = YES;
				IPHONEOS_DEPLOYMENT_TARGET = 15.2;
				MTL_ENABLE_DEBUG_INFO = NO;
				MTL_FAST_MATH = YES;
				SDKROOT = iphoneos;
				SWIFT_COMPILATION_MODE = wholemodule;
				SWIFT_OPTIMIZATION_LEVEL = "-O";
				VALIDATE_PRODUCT = YES;
			};
			name = Release;
		};
		C620102A27FB1436003FAEA0 /* Debug */ = {
			isa = XCBuildConfiguration;
			baseConfigurationReference = 7BCFED9CAB74A5AA77324EB2 /* Pods-GenericCodableTest.debug.xcconfig */;
			buildSettings = {
				ASSETCATALOG_COMPILER_APPICON_NAME = AppIcon;
				ASSETCATALOG_COMPILER_GLOBAL_ACCENT_COLOR_NAME = AccentColor;
				CODE_SIGN_STYLE = Automatic;
				CURRENT_PROJECT_VERSION = 1;
				GENERATE_INFOPLIST_FILE = YES;
				INFOPLIST_FILE = GenericCodableTest/Info.plist;
				INFOPLIST_KEY_UIApplicationSupportsIndirectInputEvents = YES;
				INFOPLIST_KEY_UILaunchStoryboardName = LaunchScreen;
				INFOPLIST_KEY_UIMainStoryboardFile = Main;
				INFOPLIST_KEY_UISupportedInterfaceOrientations_iPad = "UIInterfaceOrientationPortrait UIInterfaceOrientationPortraitUpsideDown UIInterfaceOrientationLandscapeLeft UIInterfaceOrientationLandscapeRight";
				INFOPLIST_KEY_UISupportedInterfaceOrientations_iPhone = "UIInterfaceOrientationPortrait UIInterfaceOrientationLandscapeLeft UIInterfaceOrientationLandscapeRight";
				LD_RUNPATH_SEARCH_PATHS = (
					"$(inherited)",
					"@executable_path/Frameworks",
				);
				MARKETING_VERSION = 1.0;
				PRODUCT_BUNDLE_IDENTIFIER = com.own.GenericCodableTest;
				PRODUCT_NAME = "$(TARGET_NAME)";
				SWIFT_EMIT_LOC_STRINGS = YES;
				SWIFT_VERSION = 5.0;
				TARGETED_DEVICE_FAMILY = "1,2";
			};
			name = Debug;
		};
		C620102B27FB1436003FAEA0 /* Release */ = {
			isa = XCBuildConfiguration;
			baseConfigurationReference = FB5CE0EBD3450D718BC035C2 /* Pods-GenericCodableTest.release.xcconfig */;
			buildSettings = {
				ASSETCATALOG_COMPILER_APPICON_NAME = AppIcon;
				ASSETCATALOG_COMPILER_GLOBAL_ACCENT_COLOR_NAME = AccentColor;
				CODE_SIGN_STYLE = Automatic;
				CURRENT_PROJECT_VERSION = 1;
				GENERATE_INFOPLIST_FILE = YES;
				INFOPLIST_FILE = GenericCodableTest/Info.plist;
				INFOPLIST_KEY_UIApplicationSupportsIndirectInputEvents = YES;
				INFOPLIST_KEY_UILaunchStoryboardName = LaunchScreen;
				INFOPLIST_KEY_UIMainStoryboardFile = Main;
				INFOPLIST_KEY_UISupportedInterfaceOrientations_iPad = "UIInterfaceOrientationPortrait UIInterfaceOrientationPortraitUpsideDown UIInterfaceOrientationLandscapeLeft UIInterfaceOrientationLandscapeRight";
				INFOPLIST_KEY_UISupportedInterfaceOrientations_iPhone = "UIInterfaceOrientationPortrait UIInterfaceOrientationLandscapeLeft UIInterfaceOrientationLandscapeRight";
				LD_RUNPATH_SEARCH_PATHS = (
					"$(inherited)",
					"@executable_path/Frameworks",
				);
				MARKETING_VERSION = 1.0;
				PRODUCT_BUNDLE_IDENTIFIER = com.own.GenericCodableTest;
				PRODUCT_NAME = "$(TARGET_NAME)";
				SWIFT_EMIT_LOC_STRINGS = YES;
				SWIFT_VERSION = 5.0;
				TARGETED_DEVICE_FAMILY = "1,2";
			};
			name = Release;
		};
/* End XCBuildConfiguration section */

/* Begin XCConfigurationList section */
		C620101027FB1431003FAEA0 /* Build configuration list for PBXProject "GenericCodableTest" */ = {
			isa = XCConfigurationList;
			buildConfigurations = (
				C620102727FB1436003FAEA0 /* Debug */,
				C620102827FB1436003FAEA0 /* Release */,
			);
			defaultConfigurationIsVisible = 0;
			defaultConfigurationName = Release;
		};
		C620102927FB1436003FAEA0 /* Build configuration list for PBXNativeTarget "GenericCodableTest" */ = {
			isa = XCConfigurationList;
			buildConfigurations = (
				C620102A27FB1436003FAEA0 /* Debug */,
				C620102B27FB1436003FAEA0 /* Release */,
			);
			defaultConfigurationIsVisible = 0;
			defaultConfigurationName = Release;
		};
/* End XCConfigurationList section */
	};
	rootObject = C620100D27FB1431003FAEA0 /* Project object */;
}
